<Solution>
  <Project Path="TaskTracker.Api/TaskTracker.Api.csproj" />
  <Project Path="TaskTracker.Application/TaskTracker.Application.csproj" />
  <Project Path="TaskTracker.Domain/TaskTracker.Domain.csproj" />
  <Project Path="TaskTracker.Infrastructure/TaskTracker.Infrastructure.csproj" />
  <Project Path="TaskTracker.Tests/TaskTracker.Tests.csproj" />
</Solution>
